// !$*UTF8*$!
{
	archiveVersion = 1;
	classes = {
	};
	objectVersion = 46;
	objects = {

/* Begin PBXBuildFile section */
		CD7211021E6FB2F800C475AA /* ToDoViewController.swift in Sources */ = {isa = PBXBuildFile; fileRef = CD7211011E6FB2F800C475AA /* ToDoViewController.swift */; };
		CD7211171E72033300C475AA /* ToDoStore.swift in Sources */ = {isa = PBXBuildFile; fileRef = CD7211161E72033300C475AA /* ToDoStore.swift */; };
		CD7211191E72034A00C475AA /* NextActionStore.swift in Sources */ = {isa = PBXBuildFile; fileRef = CD7211181E72034A00C475AA /* NextActionStore.swift */; };
		CD72111B1E72035A00C475AA /* ProjectStore.swift in Sources */ = {isa = PBXBuildFile; fileRef = CD72111A1E72035A00C475AA /* ProjectStore.swift */; };
		CD72111D1E72036800C475AA /* TopicStore.swift in Sources */ = {isa = PBXBuildFile; fileRef = CD72111C1E72036800C475AA /* TopicStore.swift */; };
		CD72111F1E72037300C475AA /* CoreDataStack.swift in Sources */ = {isa = PBXBuildFile; fileRef = CD72111E1E72037300C475AA /* CoreDataStack.swift */; };
		CD7211221E72084100C475AA /* GTDModel.xcdatamodeld in Sources */ = {isa = PBXBuildFile; fileRef = CD7211031E71FBDE00C475AA /* GTDModel.xcdatamodeld */; };
		CD72113B1E724A7F00C475AA /* Topic+CoreDataClass.swift in Sources */ = {isa = PBXBuildFile; fileRef = CD7211331E724A7F00C475AA /* Topic+CoreDataClass.swift */; };
		CD72113C1E724A7F00C475AA /* Topic+CoreDataProperties.swift in Sources */ = {isa = PBXBuildFile; fileRef = CD7211341E724A7F00C475AA /* Topic+CoreDataProperties.swift */; };
		CD72113D1E724A7F00C475AA /* Project+CoreDataClass.swift in Sources */ = {isa = PBXBuildFile; fileRef = CD7211351E724A7F00C475AA /* Project+CoreDataClass.swift */; };
		CD72113E1E724A7F00C475AA /* Project+CoreDataProperties.swift in Sources */ = {isa = PBXBuildFile; fileRef = CD7211361E724A7F00C475AA /* Project+CoreDataProperties.swift */; };
		CD72113F1E724A7F00C475AA /* NextAction+CoreDataClass.swift in Sources */ = {isa = PBXBuildFile; fileRef = CD7211371E724A7F00C475AA /* NextAction+CoreDataClass.swift */; };
		CD7211401E724A7F00C475AA /* NextAction+CoreDataProperties.swift in Sources */ = {isa = PBXBuildFile; fileRef = CD7211381E724A7F00C475AA /* NextAction+CoreDataProperties.swift */; };
		CD7211411E724A7F00C475AA /* ToDo+CoreDataClass.swift in Sources */ = {isa = PBXBuildFile; fileRef = CD7211391E724A7F00C475AA /* ToDo+CoreDataClass.swift */; };
		CD7211421E724A7F00C475AA /* ToDo+CoreDataProperties.swift in Sources */ = {isa = PBXBuildFile; fileRef = CD72113A1E724A7F00C475AA /* ToDo+CoreDataProperties.swift */; };
		CD7211441E72F72D00C475AA /* ToDoDataSource.swift in Sources */ = {isa = PBXBuildFile; fileRef = CD7211431E72F72D00C475AA /* ToDoDataSource.swift */; };
		CD7211461E72FA3600C475AA /* AddItemViewController.swift in Sources */ = {isa = PBXBuildFile; fileRef = CD7211451E72FA3600C475AA /* AddItemViewController.swift */; };
		CD7211481E74F01500C475AA /* ItemDetailViewController.swift in Sources */ = {isa = PBXBuildFile; fileRef = CD7211471E74F01500C475AA /* ItemDetailViewController.swift */; };
		CDD68A281E084BD300E32192 /* AppDelegate.swift in Sources */ = {isa = PBXBuildFile; fileRef = CDD68A271E084BD300E32192 /* AppDelegate.swift */; };
		CDD68A2D1E084BD300E32192 /* Main.storyboard in Resources */ = {isa = PBXBuildFile; fileRef = CDD68A2B1E084BD300E32192 /* Main.storyboard */; };
		CDD68A321E084BD300E32192 /* Assets.xcassets in Resources */ = {isa = PBXBuildFile; fileRef = CDD68A311E084BD300E32192 /* Assets.xcassets */; };
		CDD68A351E084BD300E32192 /* LaunchScreen.storyboard in Resources */ = {isa = PBXBuildFile; fileRef = CDD68A331E084BD300E32192 /* LaunchScreen.storyboard */; };
/* End PBXBuildFile section */

/* Begin PBXFileReference section */
		CD7211011E6FB2F800C475AA /* ToDoViewController.swift */ = {isa = PBXFileReference; fileEncoding = 4; lastKnownFileType = sourcecode.swift; path = ToDoViewController.swift; sourceTree = "<group>"; };
		CD7211041E71FBDE00C475AA /* GTDModel.xcdatamodel */ = {isa = PBXFileReference; lastKnownFileType = wrapper.xcdatamodel; path = GTDModel.xcdatamodel; sourceTree = "<group>"; };
		CD7211161E72033300C475AA /* ToDoStore.swift */ = {isa = PBXFileReference; fileEncoding = 4; lastKnownFileType = sourcecode.swift; path = ToDoStore.swift; sourceTree = "<group>"; };
		CD7211181E72034A00C475AA /* NextActionStore.swift */ = {isa = PBXFileReference; fileEncoding = 4; lastKnownFileType = sourcecode.swift; path = NextActionStore.swift; sourceTree = "<group>"; };
		CD72111A1E72035A00C475AA /* ProjectStore.swift */ = {isa = PBXFileReference; fileEncoding = 4; lastKnownFileType = sourcecode.swift; path = ProjectStore.swift; sourceTree = "<group>"; };
		CD72111C1E72036800C475AA /* TopicStore.swift */ = {isa = PBXFileReference; fileEncoding = 4; lastKnownFileType = sourcecode.swift; path = TopicStore.swift; sourceTree = "<group>"; };
		CD72111E1E72037300C475AA /* CoreDataStack.swift */ = {isa = PBXFileReference; fileEncoding = 4; lastKnownFileType = sourcecode.swift; path = CoreDataStack.swift; sourceTree = "<group>"; };
		CD7211331E724A7F00C475AA /* Topic+CoreDataClass.swift */ = {isa = PBXFileReference; fileEncoding = 4; lastKnownFileType = sourcecode.swift; path = "Topic+CoreDataClass.swift"; sourceTree = "<group>"; };
		CD7211341E724A7F00C475AA /* Topic+CoreDataProperties.swift */ = {isa = PBXFileReference; fileEncoding = 4; lastKnownFileType = sourcecode.swift; path = "Topic+CoreDataProperties.swift"; sourceTree = "<group>"; };
		CD7211351E724A7F00C475AA /* Project+CoreDataClass.swift */ = {isa = PBXFileReference; fileEncoding = 4; lastKnownFileType = sourcecode.swift; path = "Project+CoreDataClass.swift"; sourceTree = "<group>"; };
		CD7211361E724A7F00C475AA /* Project+CoreDataProperties.swift */ = {isa = PBXFileReference; fileEncoding = 4; lastKnownFileType = sourcecode.swift; path = "Project+CoreDataProperties.swift"; sourceTree = "<group>"; };
		CD7211371E724A7F00C475AA /* NextAction+CoreDataClass.swift */ = {isa = PBXFileReference; fileEncoding = 4; lastKnownFileType = sourcecode.swift; path = "NextAction+CoreDataClass.swift"; sourceTree = "<group>"; };
		CD7211381E724A7F00C475AA /* NextAction+CoreDataProperties.swift */ = {isa = PBXFileReference; fileEncoding = 4; lastKnownFileType = sourcecode.swift; path = "NextAction+CoreDataProperties.swift"; sourceTree = "<group>"; };
		CD7211391E724A7F00C475AA /* ToDo+CoreDataClass.swift */ = {isa = PBXFileReference; fileEncoding = 4; lastKnownFileType = sourcecode.swift; path = "ToDo+CoreDataClass.swift"; sourceTree = "<group>"; };
		CD72113A1E724A7F00C475AA /* ToDo+CoreDataProperties.swift */ = {isa = PBXFileReference; fileEncoding = 4; lastKnownFileType = sourcecode.swift; path = "ToDo+CoreDataProperties.swift"; sourceTree = "<group>"; };
		CD7211431E72F72D00C475AA /* ToDoDataSource.swift */ = {isa = PBXFileReference; fileEncoding = 4; lastKnownFileType = sourcecode.swift; path = ToDoDataSource.swift; sourceTree = "<group>"; };
		CD7211451E72FA3600C475AA /* AddItemViewController.swift */ = {isa = PBXFileReference; fileEncoding = 4; lastKnownFileType = sourcecode.swift; path = AddItemViewController.swift; sourceTree = "<group>"; };
		CD7211471E74F01500C475AA /* ItemDetailViewController.swift */ = {isa = PBXFileReference; fileEncoding = 4; lastKnownFileType = sourcecode.swift; path = ItemDetailViewController.swift; sourceTree = "<group>"; };
		CDD68A241E084BD300E32192 /* GettingThingsDone.app */ = {isa = PBXFileReference; explicitFileType = wrapper.application; includeInIndex = 0; path = GettingThingsDone.app; sourceTree = BUILT_PRODUCTS_DIR; };
		CDD68A271E084BD300E32192 /* AppDelegate.swift */ = {isa = PBXFileReference; lastKnownFileType = sourcecode.swift; path = AppDelegate.swift; sourceTree = "<group>"; };
		CDD68A2C1E084BD300E32192 /* Base */ = {isa = PBXFileReference; lastKnownFileType = file.storyboard; name = Base; path = Base.lproj/Main.storyboard; sourceTree = "<group>"; };
		CDD68A311E084BD300E32192 /* Assets.xcassets */ = {isa = PBXFileReference; lastKnownFileType = folder.assetcatalog; path = Assets.xcassets; sourceTree = "<group>"; };
		CDD68A341E084BD300E32192 /* Base */ = {isa = PBXFileReference; lastKnownFileType = file.storyboard; name = Base; path = Base.lproj/LaunchScreen.storyboard; sourceTree = "<group>"; };
		CDD68A361E084BD300E32192 /* Info.plist */ = {isa = PBXFileReference; lastKnownFileType = text.plist.xml; path = Info.plist; sourceTree = "<group>"; };
/* End PBXFileReference section */

/* Begin PBXFrameworksBuildPhase section */
		CDD68A211E084BD200E32192 /* Frameworks */ = {
			isa = PBXFrameworksBuildPhase;
			buildActionMask = 2147483647;
			files = (
			);
			runOnlyForDeploymentPostprocessing = 0;
		};
/* End PBXFrameworksBuildPhase section */

/* Begin PBXGroup section */
		CDD68A1B1E084BD200E32192 = {
			isa = PBXGroup;
			children = (
				CDD68A261E084BD300E32192 /* GettingThingsDone */,
				CDD68A251E084BD300E32192 /* Products */,
			);
			sourceTree = "<group>";
		};
		CDD68A251E084BD300E32192 /* Products */ = {
			isa = PBXGroup;
			children = (
				CDD68A241E084BD300E32192 /* GettingThingsDone.app */,
			);
			name = Products;
			sourceTree = "<group>";
		};
		CDD68A261E084BD300E32192 /* GettingThingsDone */ = {
			isa = PBXGroup;
			children = (
				CD7211331E724A7F00C475AA /* Topic+CoreDataClass.swift */,
				CD7211341E724A7F00C475AA /* Topic+CoreDataProperties.swift */,
				CD7211351E724A7F00C475AA /* Project+CoreDataClass.swift */,
				CD7211361E724A7F00C475AA /* Project+CoreDataProperties.swift */,
				CD7211371E724A7F00C475AA /* NextAction+CoreDataClass.swift */,
				CD7211381E724A7F00C475AA /* NextAction+CoreDataProperties.swift */,
				CD7211391E724A7F00C475AA /* ToDo+CoreDataClass.swift */,
				CD72113A1E724A7F00C475AA /* ToDo+CoreDataProperties.swift */,
				CD7211161E72033300C475AA /* ToDoStore.swift */,
				CD7211181E72034A00C475AA /* NextActionStore.swift */,
				CD72111A1E72035A00C475AA /* ProjectStore.swift */,
				CD72111C1E72036800C475AA /* TopicStore.swift */,
				CD72111E1E72037300C475AA /* CoreDataStack.swift */,
				CDD68A271E084BD300E32192 /* AppDelegate.swift */,
				CD7211011E6FB2F800C475AA /* ToDoViewController.swift */,
				CD7211471E74F01500C475AA /* ItemDetailViewController.swift */,
				CD7211431E72F72D00C475AA /* ToDoDataSource.swift */,
				CD7211031E71FBDE00C475AA /* GTDModel.xcdatamodeld */,
				CDD68A2B1E084BD300E32192 /* Main.storyboard */,
				CD7211451E72FA3600C475AA /* AddItemViewController.swift */,
				CDD68A311E084BD300E32192 /* Assets.xcassets */,
				CDD68A331E084BD300E32192 /* LaunchScreen.storyboard */,
				CDD68A361E084BD300E32192 /* Info.plist */,
			);
			path = GettingThingsDone;
			sourceTree = "<group>";
		};
/* End PBXGroup section */

/* Begin PBXNativeTarget section */
		CDD68A231E084BD200E32192 /* GettingThingsDone */ = {
			isa = PBXNativeTarget;
			buildConfigurationList = CDD68A391E084BD300E32192 /* Build configuration list for PBXNativeTarget "GettingThingsDone" */;
			buildPhases = (
				CDD68A201E084BD200E32192 /* Sources */,
				CDD68A211E084BD200E32192 /* Frameworks */,
				CDD68A221E084BD200E32192 /* Resources */,
			);
			buildRules = (
			);
			dependencies = (
			);
			name = GettingThingsDone;
			productName = GettingThingsDone;
			productReference = CDD68A241E084BD300E32192 /* GettingThingsDone.app */;
			productType = "com.apple.product-type.application";
		};
/* End PBXNativeTarget section */

/* Begin PBXProject section */
		CDD68A1C1E084BD200E32192 /* Project object */ = {
			isa = PBXProject;
			attributes = {
				LastSwiftUpdateCheck = 0820;
				LastUpgradeCheck = 0820;
				ORGANIZATIONNAME = "Dylan Bruschi";
				TargetAttributes = {
					CDD68A231E084BD200E32192 = {
						CreatedOnToolsVersion = 8.2;
						ProvisioningStyle = Automatic;
					};
				};
			};
			buildConfigurationList = CDD68A1F1E084BD200E32192 /* Build configuration list for PBXProject "GettingThingsDone" */;
			compatibilityVersion = "Xcode 3.2";
			developmentRegion = English;
			hasScannedForEncodings = 0;
			knownRegions = (
				en,
				Base,
			);
			mainGroup = CDD68A1B1E084BD200E32192;
			productRefGroup = CDD68A251E084BD300E32192 /* Products */;
			projectDirPath = "";
			projectRoot = "";
			targets = (
				CDD68A231E084BD200E32192 /* GettingThingsDone */,
			);
		};
/* End PBXProject section */

/* Begin PBXResourcesBuildPhase section */
		CDD68A221E084BD200E32192 /* Resources */ = {
			isa = PBXResourcesBuildPhase;
			buildActionMask = 2147483647;
			files = (
				CDD68A351E084BD300E32192 /* LaunchScreen.storyboard in Resources */,
				CDD68A321E084BD300E32192 /* Assets.xcassets in Resources */,
				CDD68A2D1E084BD300E32192 /* Main.storyboard in Resources */,
			);
			runOnlyForDeploymentPostprocessing = 0;
		};
/* End PBXResourcesBuildPhase section */

/* Begin PBXSourcesBuildPhase section */
		CDD68A201E084BD200E32192 /* Sources */ = {
			isa = PBXSourcesBuildPhase;
			buildActionMask = 2147483647;
			files = (
				CD72113F1E724A7F00C475AA /* NextAction+CoreDataClass.swift in Sources */,
				CD72113B1E724A7F00C475AA /* Topic+CoreDataClass.swift in Sources */,
				CD7211401E724A7F00C475AA /* NextAction+CoreDataProperties.swift in Sources */,
				CD72111B1E72035A00C475AA /* ProjectStore.swift in Sources */,
				CD7211171E72033300C475AA /* ToDoStore.swift in Sources */,
				CD7211461E72FA3600C475AA /* AddItemViewController.swift in Sources */,
				CDD68A281E084BD300E32192 /* AppDelegate.swift in Sources */,
				CD72111D1E72036800C475AA /* TopicStore.swift in Sources */,
				CD7211191E72034A00C475AA /* NextActionStore.swift in Sources */,
				CD7211411E724A7F00C475AA /* ToDo+CoreDataClass.swift in Sources */,
				CD7211421E724A7F00C475AA /* ToDo+CoreDataProperties.swift in Sources */,
				CD7211021E6FB2F800C475AA /* ToDoViewController.swift in Sources */,
				CD72111F1E72037300C475AA /* CoreDataStack.swift in Sources */,
				CD7211441E72F72D00C475AA /* ToDoDataSource.swift in Sources */,
				CD7211221E72084100C475AA /* GTDModel.xcdatamodeld in Sources */,
				CD7211481E74F01500C475AA /* ItemDetailViewController.swift in Sources */,
				CD72113D1E724A7F00C475AA /* Project+CoreDataClass.swift in Sources */,
				CD72113E1E724A7F00C475AA /* Project+CoreDataProperties.swift in Sources */,
				CD72113C1E724A7F00C475AA /* Topic+CoreDataProperties.swift in Sources */,
			);
			runOnlyForDeploymentPostprocessing = 0;
		};
/* End PBXSourcesBuildPhase section */

/* Begin PBXVariantGroup section */
		CDD68A2B1E084BD300E32192 /* Main.storyboard */ = {
			isa = PBXVariantGroup;
			children = (
				CDD68A2C1E084BD300E32192 /* Base */,
			);
			name = Main.storyboard;
			sourceTree = "<group>";
		};
		CDD68A331E084BD300E32192 /* LaunchScreen.storyboard */ = {
			isa = PBXVariantGroup;
			children = (
				CDD68A341E084BD300E32192 /* Base */,
			);
			name = LaunchScreen.storyboard;
			sourceTree = "<group>";
		};
/* End PBXVariantGroup section */

/* Begin XCBuildConfiguration section */
		CDD68A371E084BD300E32192 /* Debug */ = {
			isa = XCBuildConfiguration;
			buildSettings = {
				ALWAYS_SEARCH_USER_PATHS = NO;
				CLANG_ANALYZER_NONNULL = YES;
				CLANG_CXX_LANGUAGE_STANDARD = "gnu++0x";
				CLANG_CXX_LIBRARY = "libc++";
				CLANG_ENABLE_MODULES = YES;
				CLANG_ENABLE_OBJC_ARC = YES;
				CLANG_WARN_BOOL_CONVERSION = YES;
				CLANG_WARN_CONSTANT_CONVERSION = YES;
				CLANG_WARN_DIRECT_OBJC_ISA_USAGE = YES_ERROR;
				CLANG_WARN_DOCUMENTATION_COMMENTS = YES;
				CLANG_WARN_EMPTY_BODY = YES;
				CLANG_WARN_ENUM_CONVERSION = YES;
				CLANG_WARN_INFINITE_RECURSION = YES;
				CLANG_WARN_INT_CONVERSION = YES;
				CLANG_WARN_OBJC_ROOT_CLASS = YES_ERROR;
				CLANG_WARN_SUSPICIOUS_MOVE = YES;
				CLANG_WARN_UNREACHABLE_CODE = YES;
				CLANG_WARN__DUPLICATE_METHOD_MATCH = YES;
				"CODE_SIGN_IDENTITY[sdk=iphoneos*]" = "iPhone Developer";
				COPY_PHASE_STRIP = NO;
				DEBUG_INFORMATION_FORMAT = dwarf;
				ENABLE_STRICT_OBJC_MSGSEND = YES;
				ENABLE_TESTABILITY = YES;
				GCC_C_LANGUAGE_STANDARD = gnu99;
				GCC_DYNAMIC_NO_PIC = NO;
				GCC_NO_COMMON_BLOCKS = YES;
				GCC_OPTIMIZATION_LEVEL = 0;
				GCC_PREPROCESSOR_DEFINITIONS = (
					"DEBUG=1",
					"$(inherited)",
				);
				GCC_WARN_64_TO_32_BIT_CONVERSION = YES;
				GCC_WARN_ABOUT_RETURN_TYPE = YES_ERROR;
				GCC_WARN_UNDECLARED_SELECTOR = YES;
				GCC_WARN_UNINITIALIZED_AUTOS = YES_AGGRESSIVE;
				GCC_WARN_UNUSED_FUNCTION = YES;
				GCC_WARN_UNUSED_VARIABLE = YES;
				IPHONEOS_DEPLOYMENT_TARGET = 10.2;
				MTL_ENABLE_DEBUG_INFO = YES;
				ONLY_ACTIVE_ARCH = YES;
				SDKROOT = iphoneos;
				SWIFT_ACTIVE_COMPILATION_CONDITIONS = DEBUG;
				SWIFT_OPTIMIZATION_LEVEL = "-Onone";
				TARGETED_DEVICE_FAMILY = "1,2";
			};
			name = Debug;
		};
		CDD68A381E084BD300E32192 /* Release */ = {
			isa = XCBuildConfiguration;
			buildSettings = {
				ALWAYS_SEARCH_USER_PATHS = NO;
				CLANG_ANALYZER_NONNULL = YES;
				CLANG_CXX_LANGUAGE_STANDARD = "gnu++0x";
				CLANG_CXX_LIBRARY = "libc++";
				CLANG_ENABLE_MODULES = YES;
				CLANG_ENABLE_OBJC_ARC = YES;
				CLANG_WARN_BOOL_CONVERSION = YES;
				CLANG_WARN_CONSTANT_CONVERSION = YES;
				CLANG_WARN_DIRECT_OBJC_ISA_USAGE = YES_ERROR;
				CLANG_WARN_DOCUMENTATION_COMMENTS = YES;
				CLANG_WARN_EMPTY_BODY = YES;
				CLANG_WARN_ENUM_CONVERSION = YES;
				CLANG_WARN_INFINITE_RECURSION = YES;
				CLANG_WARN_INT_CONVERSION = YES;
				CLANG_WARN_OBJC_ROOT_CLASS = YES_ERROR;
				CLANG_WARN_SUSPICIOUS_MOVE = YES;
				CLANG_WARN_UNREACHABLE_CODE = YES;
				CLANG_WARN__DUPLICATE_METHOD_MATCH = YES;
				"CODE_SIGN_IDENTITY[sdk=iphoneos*]" = "iPhone Developer";
				COPY_PHASE_STRIP = NO;
				DEBUG_INFORMATION_FORMAT = "dwarf-with-dsym";
				ENABLE_NS_ASSERTIONS = NO;
				ENABLE_STRICT_OBJC_MSGSEND = YES;
				GCC_C_LANGUAGE_STANDARD = gnu99;
				GCC_NO_COMMON_BLOCKS = YES;
				GCC_WARN_64_TO_32_BIT_CONVERSION = YES;
				GCC_WARN_ABOUT_RETURN_TYPE = YES_ERROR;
				GCC_WARN_UNDECLARED_SELECTOR = YES;
				GCC_WARN_UNINITIALIZED_AUTOS = YES_AGGRESSIVE;
				GCC_WARN_UNUSED_FUNCTION = YES;
				GCC_WARN_UNUSED_VARIABLE = YES;
				IPHONEOS_DEPLOYMENT_TARGET = 10.2;
				MTL_ENABLE_DEBUG_INFO = NO;
				SDKROOT = iphoneos;
				SWIFT_OPTIMIZATION_LEVEL = "-Onone";
				TARGETED_DEVICE_FAMILY = "1,2";
				VALIDATE_PRODUCT = YES;
			};
			name = Release;
		};
		CDD68A3A1E084BD300E32192 /* Debug */ = {
			isa = XCBuildConfiguration;
			buildSettings = {
				ASSETCATALOG_COMPILER_APPICON_NAME = AppIcon;
				INFOPLIST_FILE = GettingThingsDone/Info.plist;
				LD_RUNPATH_SEARCH_PATHS = "$(inherited) @executable_path/Frameworks";
				PRODUCT_BUNDLE_IDENTIFIER = dlb.GettingThingsDone;
				PRODUCT_NAME = "$(TARGET_NAME)";
				SWIFT_VERSION = 3.0;
			};
			name = Debug;
		};
		CDD68A3B1E084BD300E32192 /* Release */ = {
			isa = XCBuildConfiguration;
			buildSettings = {
				ASSETCATALOG_COMPILER_APPICON_NAME = AppIcon;
				INFOPLIST_FILE = GettingThingsDone/Info.plist;
				LD_RUNPATH_SEARCH_PATHS = "$(inherited) @executable_path/Frameworks";
				PRODUCT_BUNDLE_IDENTIFIER = dlb.GettingThingsDone;
				PRODUCT_NAME = "$(TARGET_NAME)";
				SWIFT_OPTIMIZATION_LEVEL = "-Onone";
				SWIFT_VERSION = 3.0;
			};
			name = Release;
		};
/* End XCBuildConfiguration section */

/* Begin XCConfigurationList section */
		CDD68A1F1E084BD200E32192 /* Build configuration list for PBXProject "GettingThingsDone" */ = {
			isa = XCConfigurationList;
			buildConfigurations = (
				CDD68A371E084BD300E32192 /* Debug */,
				CDD68A381E084BD300E32192 /* Release */,
			);
			defaultConfigurationIsVisible = 0;
			defaultConfigurationName = Release;
		};
		CDD68A391E084BD300E32192 /* Build configuration list for PBXNativeTarget "GettingThingsDone" */ = {
			isa = XCConfigurationList;
			buildConfigurations = (
				CDD68A3A1E084BD300E32192 /* Debug */,
				CDD68A3B1E084BD300E32192 /* Release */,
			);
			defaultConfigurationIsVisible = 0;
			defaultConfigurationName = Release;
		};
/* End XCConfigurationList section */

/* Begin XCVersionGroup section */
		CD7211031E71FBDE00C475AA /* GTDModel.xcdatamodeld */ = {
			isa = XCVersionGroup;
			children = (
				CD7211041E71FBDE00C475AA /* GTDModel.xcdatamodel */,
			);
			currentVersion = CD7211041E71FBDE00C475AA /* GTDModel.xcdatamodel */;
			name = GTDModel.xcdatamodeld;
			path = ../GTDModel.xcdatamodeld;
			sourceTree = "<group>";
			versionGroupType = wrapper.xcdatamodel;
		};
/* End XCVersionGroup section */
	};
	rootObject = CDD68A1C1E084BD200E32192 /* Project object */;
}
